
Microsoft Visual Studio Solution File, Format Version 12.00
# Visual Studio Version 17
VisualStudioVersion = 17.4.33103.184
MinimumVisualStudioVersion = 10.0.40219.1
Project("{FAE04EC0-301F-11D3-BF4B-00C04F79EFBC}") = "TaskDelegatingApp", "TaskDelegatingApp.csproj", "{53A22555-0A4D-49CF-98D2-DBAFE6780A43}"
EndProject
Global
	GlobalSection(SolutionConfigurationPlatforms) = preSolution
		Debug|Any CPU = Debug|Any CPU
		Release|Any CPU = Release|Any CPU
	EndGlobalSection
	GlobalSection(ProjectConfigurationPlatforms) = postSolution
		{53A22555-0A4D-49CF-98D2-DBAFE6780A43}.Debug|Any CPU.ActiveCfg = Debug|Any CPU
		{53A22555-0A4D-49CF-98D2-DBAFE6780A43}.Debug|Any CPU.Build.0 = Debug|Any CPU
		{53A22555-0A4D-49CF-98D2-DBAFE6780A43}.Release|Any CPU.ActiveCfg = Release|Any CPU
		{53A22555-0A4D-49CF-98D2-DBAFE6780A43}.Release|Any CPU.Build.0 = Release|Any CPU
	EndGlobalSection
	GlobalSection(SolutionProperties) = preSolution
		HideSolutionNode = FALSE
	EndGlobalSection
	GlobalSection(ExtensibilityGlobals) = postSolution
		SolutionGuid = {38C8692D-CA40-407A-B641-020C2EE300F0}
	EndGlobalSection
EndGlobal
